
Microsoft Visual Studio Solution File, Format Version 12.00
# Visual Studio Version 16
VisualStudioVersion = 16.0.32228.343
MinimumVisualStudioVersion = 10.0.40219.1
Project("{FAE04EC0-301F-11D3-BF4B-00C04F79EFBC}") = "NumbersGame", "NumbersGame\NumbersGame.csproj", "{2FF799FF-8D6F-4FD6-9664-0C5760E87555}"
EndProject
Global
	GlobalSection(SolutionConfigurationPlatforms) = preSolution
		Debug|Any CPU = Debug|Any CPU
		Release|Any CPU = Release|Any CPU
	EndGlobalSection
	GlobalSection(ProjectConfigurationPlatforms) = postSolution
		{2FF799FF-8D6F-4FD6-9664-0C5760E87555}.Debug|Any CPU.ActiveCfg = Debug|Any CPU
		{2FF799FF-8D6F-4FD6-9664-0C5760E87555}.Debug|Any CPU.Build.0 = Debug|Any CPU
		{2FF799FF-8D6F-4FD6-9664-0C5760E87555}.Release|Any CPU.ActiveCfg = Release|Any CPU
		{2FF799FF-8D6F-4FD6-9664-0C5760E87555}.Release|Any CPU.Build.0 = Release|Any CPU
	EndGlobalSection
	GlobalSection(SolutionProperties) = preSolution
		HideSolutionNode = FALSE
	EndGlobalSection
	GlobalSection(ExtensibilityGlobals) = postSolution
		SolutionGuid = {7B4408BE-3FB1-4D3F-8F15-056E18DCDBCD}
	EndGlobalSection
EndGlobal
